
Microsoft Visual Studio Solution File, Format Version 12.00
# Visual Studio Version 17
VisualStudioVersion = 17.0.31903.59
MinimumVisualStudioVersion = 10.0.40219.1
Project("{2150E333-8FDC-42A3-9474-1A3956D46DE8}") = "Plugins", "Plugins", "{07D57EEB-2F50-60C4-C011-FE4FA775C9A8}"
EndProject
Global
	GlobalSection(SolutionConfigurationPlatforms) = preSolution
		Debug|Any CPU = Debug|Any CPU
		Debug|x64 = Debug|x64
		Debug|x86 = Debug|x86
		Release|Any CPU = Release|Any CPU
		Release|x64 = Release|x64
		Release|x86 = Release|x86
	EndGlobalSection
	GlobalSection(ProjectConfigurationPlatforms) = postSolution
		{07D57EEB-2F50-60C4-C011-FE4FA775C9A8}.Debug|Any CPU.ActiveCfg = Debug|Any CPU
		{07D57EEB-2F50-60C4-C011-FE4FA775C9A8}.Debug|Any CPU.Build.0 = Debug|Any CPU
		{07D57EEB-2F50-60C4-C011-FE4FA775C9A8}.Debug|x64.ActiveCfg = Debug|Any CPU
		{07D57EEB-2F50-60C4-C011-FE4FA775C9A8}.Debug|x64.Build.0 = Debug|Any CPU
		{07D57EEB-2F50-60C4-C011-FE4FA775C9A8}.Debug|x86.ActiveCfg = Debug|Any CPU
		{07D57EEB-2F50-60C4-C011-FE4FA775C9A8}.Debug|x86.Build.0 = Debug|Any CPU
		{07D57EEB-2F50-60C4-C011-FE4FA775C9A8}.Release|Any CPU.ActiveCfg = Release|Any CPU
		{07D57EEB-2F50-60C4-C011-FE4FA775C9A8}.Release|Any CPU.Build.0 = Release|Any CPU
		{07D57EEB-2F50-60C4-C011-FE4FA775C9A8}.Release|x64.ActiveCfg = Release|Any CPU
		{07D57EEB-2F50-60C4-C011-FE4FA775C9A8}.Release|x64.Build.0 = Release|Any CPU
		{07D57EEB-2F50-60C4-C011-FE4FA775C9A8}.Release|x86.ActiveCfg = Release|Any CPU
		{07D57EEB-2F50-60C4-C011-FE4FA775C9A8}.Release|x86.Build.0 = Release|Any CPU
	EndGlobalSection
	GlobalSection(NestedProjects) = preSolution
		{9E638929-72B8-4E90-A9AB-803F078FC6FA} = {07D57EEB-2F50-60C4-C011-FE4FA775C9A8}
	EndGlobalSection
	GlobalSection(SolutionProperties) = preSolution
		HideSolutionNode = FALSE
	EndGlobalSection
EndGlobal
